
Microsoft Visual Studio Solution File, Format Version 12.00
# Visual Studio 15
VisualStudioVersion = 15.0.25302.0
MinimumVisualStudioVersion = 10.0.40219.1
Project("{FAE04EC0-301F-11D3-BF4B-00C04F79EFBC}") = "P01_PlatformProperties", "P01_PlatformProperties\P01_PlatformProperties.csproj", "{EBF7CD17-CA66-4B5D-8D0B-98897686AD70}"
EndProject
Project("{FAE04EC0-301F-11D3-BF4B-00C04F79EFBC}") = "SDII", "SDII\SDII.csproj", "{004F4214-55DA-4598-AF5B-23F509761815}"
EndProject
Project("{2150E333-8FDC-42A3-9474-1A3956D46DE8}") = "Solution Items", "Solution Items", "{7B6D7AD6-54F0-49F0-BB13-C7D54FCD4CAE}"
	ProjectSection(SolutionItems) = preProject
		common.xml = common.xml
	EndProjectSection
EndProject
Project("{FAE04EC0-301F-11D3-BF4B-00C04F79EFBC}") = "P03_SQL_Phototeka", "P03_SQL_Phototeka\P03_SQL_Phototeka.csproj", "{19C1CF0B-C3CF-4179-BD72-E1E1E3AFB7E3}"
EndProject
Project("{FAE04EC0-301F-11D3-BF4B-00C04F79EFBC}") = "P04_SimpleTripleStore_Phototeka", "P04_SimpleTripleStore_Phototeka\P04_SimpleTripleStore_Phototeka.csproj", "{9D572001-A943-4B4F-98C4-FA9C9A57075E}"
EndProject
Project("{FAE04EC0-301F-11D3-BF4B-00C04F79EFBC}") = "P05_Phototeka3TabsInt", "P05_Phototeka3TabsInt\P05_Phototeka3TabsInt.csproj", "{FF01A51F-1052-4869-A52B-03FD1B87181F}"
EndProject
Project("{FAE04EC0-301F-11D3-BF4B-00C04F79EFBC}") = "P06_Virtuoso_Phototeka", "P06_Virtuoso_Phototeka\P06_Virtuoso_Phototeka.csproj", "{FC5B20B5-5A57-437D-9468-4C0FD9FC0535}"
EndProject
Project("{FAE04EC0-301F-11D3-BF4B-00C04F79EFBC}") = "P06_Virtuoso", "P06_Virtuoso\P06_Virtuoso.csproj", "{B233F88B-5168-4F67-B857-B675987DB2DF}"
EndProject
Project("{FAE04EC0-301F-11D3-BF4B-00C04F79EFBC}") = "PolarDB", "..\Polar\PolarDB\PolarDB.csproj", "{E418D12C-9027-4292-AAB4-D8130C6E3829}"
EndProject
Project("{FAE04EC0-301F-11D3-BF4B-00C04F79EFBC}") = "P11_PlatformProperties2", "P11_PlatformProperties2\P11_PlatformProperties2.csproj", "{400DA7E8-A1CA-4B9B-9AF5-7764ABDEDAEE}"
EndProject
Project("{FAE04EC0-301F-11D3-BF4B-00C04F79EFBC}") = "P14_Universal_NameTable", "P14_Universal_NameTable\P14_Universal_NameTable.csproj", "{D93027C5-7823-4AF1-9117-51828032251B}"
EndProject
Project("{FAE04EC0-301F-11D3-BF4B-00C04F79EFBC}") = "P15_LinearBuffered_NameTable", "P15_LinearBuffered_NameTable\P15_LinearBuffered_NameTable.csproj", "{EC714571-3199-4799-B056-ACA08322C378}"
EndProject
Project("{FAE04EC0-301F-11D3-BF4B-00C04F79EFBC}") = "UniversalIndex x64", "..\Polar\UniversalIndex\UniversalIndex x64.csproj", "{514A43B9-30FD-4A4F-927A-55FCDA532FAB}"
EndProject
Project("{FAE04EC0-301F-11D3-BF4B-00C04F79EFBC}") = "PolarDB x64", "..\Polar\PolarDB\PolarDB x64.csproj", "{C572F366-4FEE-4F67-BE56-B00C0992052F}"
EndProject
Project("{FAE04EC0-301F-11D3-BF4B-00C04F79EFBC}") = "UniversalIndex", "..\Polar\UniversalIndex\UniversalIndex.csproj", "{E4AB7A63-7B55-43E9-B1AA-C8E0F8AA87E3}"
EndProject
Project("{FAE04EC0-301F-11D3-BF4B-00C04F79EFBC}") = "P13_NametableTry", "P13_NametableTry\P13_NametableTry.csproj", "{8828DF57-CF68-4874-AB06-F4CF3D1D56FB}"
EndProject
Global
	GlobalSection(SolutionConfigurationPlatforms) = preSolution
		Debug|Any CPU = Debug|Any CPU
		Release|Any CPU = Release|Any CPU
		x64|Any CPU = x64|Any CPU
		x86|Any CPU = x86|Any CPU
	EndGlobalSection
	GlobalSection(ProjectConfigurationPlatforms) = postSolution
		{EBF7CD17-CA66-4B5D-8D0B-98897686AD70}.Debug|Any CPU.ActiveCfg = Debug|Any CPU
		{EBF7CD17-CA66-4B5D-8D0B-98897686AD70}.Debug|Any CPU.Build.0 = Debug|Any CPU
		{EBF7CD17-CA66-4B5D-8D0B-98897686AD70}.Release|Any CPU.ActiveCfg = Release|Any CPU
		{EBF7CD17-CA66-4B5D-8D0B-98897686AD70}.Release|Any CPU.Build.0 = Release|Any CPU
		{EBF7CD17-CA66-4B5D-8D0B-98897686AD70}.x64|Any CPU.ActiveCfg = Release|Any CPU
		{EBF7CD17-CA66-4B5D-8D0B-98897686AD70}.x64|Any CPU.Build.0 = Release|Any CPU
		{EBF7CD17-CA66-4B5D-8D0B-98897686AD70}.x86|Any CPU.ActiveCfg = Release|Any CPU
		{EBF7CD17-CA66-4B5D-8D0B-98897686AD70}.x86|Any CPU.Build.0 = Release|Any CPU
		{004F4214-55DA-4598-AF5B-23F509761815}.Debug|Any CPU.ActiveCfg = Debug|Any CPU
		{004F4214-55DA-4598-AF5B-23F509761815}.Debug|Any CPU.Build.0 = Debug|Any CPU
		{004F4214-55DA-4598-AF5B-23F509761815}.Release|Any CPU.ActiveCfg = Release|Any CPU
		{004F4214-55DA-4598-AF5B-23F509761815}.Release|Any CPU.Build.0 = Release|Any CPU
		{004F4214-55DA-4598-AF5B-23F509761815}.x64|Any CPU.ActiveCfg = Release|Any CPU
		{004F4214-55DA-4598-AF5B-23F509761815}.x64|Any CPU.Build.0 = Release|Any CPU
		{004F4214-55DA-4598-AF5B-23F509761815}.x86|Any CPU.ActiveCfg = Release|Any CPU
		{004F4214-55DA-4598-AF5B-23F509761815}.x86|Any CPU.Build.0 = Release|Any CPU
		{19C1CF0B-C3CF-4179-BD72-E1E1E3AFB7E3}.Debug|Any CPU.ActiveCfg = Debug|Any CPU
		{19C1CF0B-C3CF-4179-BD72-E1E1E3AFB7E3}.Debug|Any CPU.Build.0 = Debug|Any CPU
		{19C1CF0B-C3CF-4179-BD72-E1E1E3AFB7E3}.Release|Any CPU.ActiveCfg = Release|Any CPU
		{19C1CF0B-C3CF-4179-BD72-E1E1E3AFB7E3}.Release|Any CPU.Build.0 = Release|Any CPU
		{19C1CF0B-C3CF-4179-BD72-E1E1E3AFB7E3}.x64|Any CPU.ActiveCfg = Release|Any CPU
		{19C1CF0B-C3CF-4179-BD72-E1E1E3AFB7E3}.x64|Any CPU.Build.0 = Release|Any CPU
		{19C1CF0B-C3CF-4179-BD72-E1E1E3AFB7E3}.x86|Any CPU.ActiveCfg = Release|Any CPU
		{19C1CF0B-C3CF-4179-BD72-E1E1E3AFB7E3}.x86|Any CPU.Build.0 = Release|Any CPU
		{9D572001-A943-4B4F-98C4-FA9C9A57075E}.Debug|Any CPU.ActiveCfg = Debug|Any CPU
		{9D572001-A943-4B4F-98C4-FA9C9A57075E}.Debug|Any CPU.Build.0 = Debug|Any CPU
		{9D572001-A943-4B4F-98C4-FA9C9A57075E}.Release|Any CPU.ActiveCfg = Release|Any CPU
		{9D572001-A943-4B4F-98C4-FA9C9A57075E}.Release|Any CPU.Build.0 = Release|Any CPU
		{9D572001-A943-4B4F-98C4-FA9C9A57075E}.x64|Any CPU.ActiveCfg = Release|Any CPU
		{9D572001-A943-4B4F-98C4-FA9C9A57075E}.x64|Any CPU.Build.0 = Release|Any CPU
		{9D572001-A943-4B4F-98C4-FA9C9A57075E}.x86|Any CPU.ActiveCfg = Release|Any CPU
		{9D572001-A943-4B4F-98C4-FA9C9A57075E}.x86|Any CPU.Build.0 = Release|Any CPU
		{FF01A51F-1052-4869-A52B-03FD1B87181F}.Debug|Any CPU.ActiveCfg = Debug|Any CPU
		{FF01A51F-1052-4869-A52B-03FD1B87181F}.Debug|Any CPU.Build.0 = Debug|Any CPU
		{FF01A51F-1052-4869-A52B-03FD1B87181F}.Release|Any CPU.ActiveCfg = Release|Any CPU
		{FF01A51F-1052-4869-A52B-03FD1B87181F}.Release|Any CPU.Build.0 = Release|Any CPU
		{FF01A51F-1052-4869-A52B-03FD1B87181F}.x64|Any CPU.ActiveCfg = Release|Any CPU
		{FF01A51F-1052-4869-A52B-03FD1B87181F}.x64|Any CPU.Build.0 = Release|Any CPU
		{FF01A51F-1052-4869-A52B-03FD1B87181F}.x86|Any CPU.ActiveCfg = Release|Any CPU
		{FF01A51F-1052-4869-A52B-03FD1B87181F}.x86|Any CPU.Build.0 = Release|Any CPU
		{FC5B20B5-5A57-437D-9468-4C0FD9FC0535}.Debug|Any CPU.ActiveCfg = Debug|Any CPU
		{FC5B20B5-5A57-437D-9468-4C0FD9FC0535}.Debug|Any CPU.Build.0 = Debug|Any CPU
		{FC5B20B5-5A57-437D-9468-4C0FD9FC0535}.Release|Any CPU.ActiveCfg = Release|Any CPU
		{FC5B20B5-5A57-437D-9468-4C0FD9FC0535}.Release|Any CPU.Build.0 = Release|Any CPU
		{FC5B20B5-5A57-437D-9468-4C0FD9FC0535}.x64|Any CPU.ActiveCfg = Release|Any CPU
		{FC5B20B5-5A57-437D-9468-4C0FD9FC0535}.x64|Any CPU.Build.0 = Release|Any CPU
		{FC5B20B5-5A57-437D-9468-4C0FD9FC0535}.x86|Any CPU.ActiveCfg = Release|Any CPU
		{FC5B20B5-5A57-437D-9468-4C0FD9FC0535}.x86|Any CPU.Build.0 = Release|Any CPU
		{B233F88B-5168-4F67-B857-B675987DB2DF}.Debug|Any CPU.ActiveCfg = Debug|Any CPU
		{B233F88B-5168-4F67-B857-B675987DB2DF}.Debug|Any CPU.Build.0 = Debug|Any CPU
		{B233F88B-5168-4F67-B857-B675987DB2DF}.Release|Any CPU.ActiveCfg = Release|Any CPU
		{B233F88B-5168-4F67-B857-B675987DB2DF}.Release|Any CPU.Build.0 = Release|Any CPU
		{B233F88B-5168-4F67-B857-B675987DB2DF}.x64|Any CPU.ActiveCfg = Release|Any CPU
		{B233F88B-5168-4F67-B857-B675987DB2DF}.x64|Any CPU.Build.0 = Release|Any CPU
		{B233F88B-5168-4F67-B857-B675987DB2DF}.x86|Any CPU.ActiveCfg = Release|Any CPU
		{B233F88B-5168-4F67-B857-B675987DB2DF}.x86|Any CPU.Build.0 = Release|Any CPU
		{E418D12C-9027-4292-AAB4-D8130C6E3829}.Debug|Any CPU.ActiveCfg = Debug|Any CPU
		{E418D12C-9027-4292-AAB4-D8130C6E3829}.Debug|Any CPU.Build.0 = Debug|Any CPU
		{E418D12C-9027-4292-AAB4-D8130C6E3829}.Release|Any CPU.ActiveCfg = Release|Any CPU
		{E418D12C-9027-4292-AAB4-D8130C6E3829}.Release|Any CPU.Build.0 = Release|Any CPU
		{E418D12C-9027-4292-AAB4-D8130C6E3829}.x64|Any CPU.ActiveCfg = x64|Any CPU
		{E418D12C-9027-4292-AAB4-D8130C6E3829}.x64|Any CPU.Build.0 = x64|Any CPU
		{E418D12C-9027-4292-AAB4-D8130C6E3829}.x86|Any CPU.ActiveCfg = x86|Any CPU
		{E418D12C-9027-4292-AAB4-D8130C6E3829}.x86|Any CPU.Build.0 = x86|Any CPU
		{400DA7E8-A1CA-4B9B-9AF5-7764ABDEDAEE}.Debug|Any CPU.ActiveCfg = Debug|Any CPU
		{400DA7E8-A1CA-4B9B-9AF5-7764ABDEDAEE}.Debug|Any CPU.Build.0 = Debug|Any CPU
		{400DA7E8-A1CA-4B9B-9AF5-7764ABDEDAEE}.Release|Any CPU.ActiveCfg = Release|Any CPU
		{400DA7E8-A1CA-4B9B-9AF5-7764ABDEDAEE}.Release|Any CPU.Build.0 = Release|Any CPU
		{400DA7E8-A1CA-4B9B-9AF5-7764ABDEDAEE}.x64|Any CPU.ActiveCfg = Release|Any CPU
		{400DA7E8-A1CA-4B9B-9AF5-7764ABDEDAEE}.x64|Any CPU.Build.0 = Release|Any CPU
		{400DA7E8-A1CA-4B9B-9AF5-7764ABDEDAEE}.x86|Any CPU.ActiveCfg = Release|Any CPU
		{400DA7E8-A1CA-4B9B-9AF5-7764ABDEDAEE}.x86|Any CPU.Build.0 = Release|Any CPU
		{D93027C5-7823-4AF1-9117-51828032251B}.Debug|Any CPU.ActiveCfg = Debug|Any CPU
		{D93027C5-7823-4AF1-9117-51828032251B}.Debug|Any CPU.Build.0 = Debug|Any CPU
		{D93027C5-7823-4AF1-9117-51828032251B}.Release|Any CPU.ActiveCfg = Release|Any CPU
		{D93027C5-7823-4AF1-9117-51828032251B}.Release|Any CPU.Build.0 = Release|Any CPU
		{D93027C5-7823-4AF1-9117-51828032251B}.x64|Any CPU.ActiveCfg = Release|Any CPU
		{D93027C5-7823-4AF1-9117-51828032251B}.x64|Any CPU.Build.0 = Release|Any CPU
		{D93027C5-7823-4AF1-9117-51828032251B}.x86|Any CPU.ActiveCfg = Release|Any CPU
		{D93027C5-7823-4AF1-9117-51828032251B}.x86|Any CPU.Build.0 = Release|Any CPU
		{EC714571-3199-4799-B056-ACA08322C378}.Debug|Any CPU.ActiveCfg = Debug|Any CPU
		{EC714571-3199-4799-B056-ACA08322C378}.Debug|Any CPU.Build.0 = Debug|Any CPU
		{EC714571-3199-4799-B056-ACA08322C378}.Release|Any CPU.ActiveCfg = Release|Any CPU
		{EC714571-3199-4799-B056-ACA08322C378}.Release|Any CPU.Build.0 = Release|Any CPU
		{EC714571-3199-4799-B056-ACA08322C378}.x64|Any CPU.ActiveCfg = Release|Any CPU
		{EC714571-3199-4799-B056-ACA08322C378}.x64|Any CPU.Build.0 = Release|Any CPU
		{EC714571-3199-4799-B056-ACA08322C378}.x86|Any CPU.ActiveCfg = Release|Any CPU
		{EC714571-3199-4799-B056-ACA08322C378}.x86|Any CPU.Build.0 = Release|Any CPU
		{514A43B9-30FD-4A4F-927A-55FCDA532FAB}.Debug|Any CPU.ActiveCfg = Debug|Any CPU
		{514A43B9-30FD-4A4F-927A-55FCDA532FAB}.Debug|Any CPU.Build.0 = Debug|Any CPU
		{514A43B9-30FD-4A4F-927A-55FCDA532FAB}.Release|Any CPU.ActiveCfg = Release|Any CPU
		{514A43B9-30FD-4A4F-927A-55FCDA532FAB}.Release|Any CPU.Build.0 = Release|Any CPU
		{514A43B9-30FD-4A4F-927A-55FCDA532FAB}.x64|Any CPU.ActiveCfg = x64|Any CPU
		{514A43B9-30FD-4A4F-927A-55FCDA532FAB}.x64|Any CPU.Build.0 = x64|Any CPU
		{514A43B9-30FD-4A4F-927A-55FCDA532FAB}.x86|Any CPU.ActiveCfg = x86|Any CPU
		{514A43B9-30FD-4A4F-927A-55FCDA532FAB}.x86|Any CPU.Build.0 = x86|Any CPU
		{C572F366-4FEE-4F67-BE56-B00C0992052F}.Debug|Any CPU.ActiveCfg = Debug|Any CPU
		{C572F366-4FEE-4F67-BE56-B00C0992052F}.Debug|Any CPU.Build.0 = Debug|Any CPU
		{C572F366-4FEE-4F67-BE56-B00C0992052F}.Release|Any CPU.ActiveCfg = Release|Any CPU
		{C572F366-4FEE-4F67-BE56-B00C0992052F}.Release|Any CPU.Build.0 = Release|Any CPU
		{C572F366-4FEE-4F67-BE56-B00C0992052F}.x64|Any CPU.ActiveCfg = x64|Any CPU
		{C572F366-4FEE-4F67-BE56-B00C0992052F}.x64|Any CPU.Build.0 = x64|Any CPU
		{C572F366-4FEE-4F67-BE56-B00C0992052F}.x86|Any CPU.ActiveCfg = x86|Any CPU
		{C572F366-4FEE-4F67-BE56-B00C0992052F}.x86|Any CPU.Build.0 = x86|Any CPU
		{E4AB7A63-7B55-43E9-B1AA-C8E0F8AA87E3}.Debug|Any CPU.ActiveCfg = Debug|Any CPU
		{E4AB7A63-7B55-43E9-B1AA-C8E0F8AA87E3}.Debug|Any CPU.Build.0 = Debug|Any CPU
		{E4AB7A63-7B55-43E9-B1AA-C8E0F8AA87E3}.Release|Any CPU.ActiveCfg = Release|Any CPU
		{E4AB7A63-7B55-43E9-B1AA-C8E0F8AA87E3}.Release|Any CPU.Build.0 = Release|Any CPU
		{E4AB7A63-7B55-43E9-B1AA-C8E0F8AA87E3}.x64|Any CPU.ActiveCfg = Release|Any CPU
		{E4AB7A63-7B55-43E9-B1AA-C8E0F8AA87E3}.x86|Any CPU.ActiveCfg = Release|Any CPU
		{8828DF57-CF68-4874-AB06-F4CF3D1D56FB}.Debug|Any CPU.ActiveCfg = Debug|Any CPU
		{8828DF57-CF68-4874-AB06-F4CF3D1D56FB}.Debug|Any CPU.Build.0 = Debug|Any CPU
		{8828DF57-CF68-4874-AB06-F4CF3D1D56FB}.Release|Any CPU.ActiveCfg = Release|Any CPU
		{8828DF57-CF68-4874-AB06-F4CF3D1D56FB}.Release|Any CPU.Build.0 = Release|Any CPU
		{8828DF57-CF68-4874-AB06-F4CF3D1D56FB}.x64|Any CPU.ActiveCfg = Release|Any CPU
		{8828DF57-CF68-4874-AB06-F4CF3D1D56FB}.x64|Any CPU.Build.0 = Release|Any CPU
		{8828DF57-CF68-4874-AB06-F4CF3D1D56FB}.x86|Any CPU.ActiveCfg = Release|Any CPU
		{8828DF57-CF68-4874-AB06-F4CF3D1D56FB}.x86|Any CPU.Build.0 = Release|Any CPU
	EndGlobalSection
	GlobalSection(SolutionProperties) = preSolution
		HideSolutionNode = FALSE
	EndGlobalSection
	GlobalSection(NestedProjects) = preSolution
		{E418D12C-9027-4292-AAB4-D8130C6E3829} = {7B6D7AD6-54F0-49F0-BB13-C7D54FCD4CAE}
		{514A43B9-30FD-4A4F-927A-55FCDA532FAB} = {7B6D7AD6-54F0-49F0-BB13-C7D54FCD4CAE}
		{C572F366-4FEE-4F67-BE56-B00C0992052F} = {7B6D7AD6-54F0-49F0-BB13-C7D54FCD4CAE}
		{E4AB7A63-7B55-43E9-B1AA-C8E0F8AA87E3} = {7B6D7AD6-54F0-49F0-BB13-C7D54FCD4CAE}
	EndGlobalSection
EndGlobal
