
Microsoft Visual Studio Solution File, Format Version 12.00
# Visual Studio Express 2012 for Windows Desktop
Project("{2150E333-8FDC-42A3-9474-1A3956D46DE8}") = "Solution Items", "Solution Items", "{7B6D7AD6-54F0-49F0-BB13-C7D54FCD4CAE}"
	ProjectSection(SolutionItems) = preProject
		common.xml = common.xml
	EndProjectSection
EndProject
Project("{FAE04EC0-301F-11D3-BF4B-00C04F79EFBC}") = "UniversalIndex x64", "..\Polar\UniversalIndex\UniversalIndex x64.csproj", "{514A43B9-30FD-4A4F-927A-55FCDA532FAB}"
EndProject
Project("{FAE04EC0-301F-11D3-BF4B-00C04F79EFBC}") = "PolarDB x64", "..\Polar\PolarDB\PolarDB x64.csproj", "{C572F366-4FEE-4F67-BE56-B00C0992052F}"
EndProject
Project("{FAE04EC0-301F-11D3-BF4B-00C04F79EFBC}") = "SDII x64", "SDII\SDII x64.csproj", "{004F4214-55DA-4598-AF5B-23F509761815}"
EndProject
Project("{FAE04EC0-301F-11D3-BF4B-00C04F79EFBC}") = "P15_LinearBuffered_NameTable x64", "P15_LinearBuffered_NameTable\P15_LinearBuffered_NameTable x64.csproj", "{EC714571-3199-4799-B056-ACA08322C378}"
EndProject
Project("{FAE04EC0-301F-11D3-BF4B-00C04F79EFBC}") = "P14_Universal_NameTable x64", "P14_Universal_NameTable\P14_Universal_NameTable x64.csproj", "{D93027C5-7823-4AF1-9117-51828032251B}"
EndProject
Project("{FAE04EC0-301F-11D3-BF4B-00C04F79EFBC}") = "P13_NametableTry x64", "P13_NametableTry\P13_NametableTry x64.csproj", "{8828DF57-CF68-4874-AB06-F4CF3D1D56FB}"
EndProject
Project("{FAE04EC0-301F-11D3-BF4B-00C04F79EFBC}") = "P11_PlatformProperties2 x64", "P11_PlatformProperties2\P11_PlatformProperties2 x64.csproj", "{400DA7E8-A1CA-4B9B-9AF5-7764ABDEDAEE}"
EndProject
Project("{FAE04EC0-301F-11D3-BF4B-00C04F79EFBC}") = "P06_Virtuoso_Phototeka x64", "P06_Virtuoso_Phototeka\P06_Virtuoso_Phototeka x64.csproj", "{FC5B20B5-5A57-437D-9468-4C0FD9FC0535}"
EndProject
Project("{FAE04EC0-301F-11D3-BF4B-00C04F79EFBC}") = "P06_Virtuoso x64", "P06_Virtuoso\P06_Virtuoso x64.csproj", "{B233F88B-5168-4F67-B857-B675987DB2DF}"
EndProject
Project("{FAE04EC0-301F-11D3-BF4B-00C04F79EFBC}") = "P05_Phototeka3TabsInt x64", "P05_Phototeka3TabsInt\P05_Phototeka3TabsInt x64.csproj", "{FF01A51F-1052-4869-A52B-03FD1B87181F}"
EndProject
Project("{FAE04EC0-301F-11D3-BF4B-00C04F79EFBC}") = "P04_SimpleTripleStore_Phototeka x64", "P04_SimpleTripleStore_Phototeka\P04_SimpleTripleStore_Phototeka x64.csproj", "{9D572001-A943-4B4F-98C4-FA9C9A57075E}"
EndProject
Project("{FAE04EC0-301F-11D3-BF4B-00C04F79EFBC}") = "P03_SQL_Phototeka x64", "P03_SQL_Phototeka\P03_SQL_Phototeka x64.csproj", "{19C1CF0B-C3CF-4179-BD72-E1E1E3AFB7E3}"
EndProject
Project("{FAE04EC0-301F-11D3-BF4B-00C04F79EFBC}") = "P01_PlatformProperties x64", "P01_PlatformProperties\P01_PlatformProperties x64.csproj", "{EBF7CD17-CA66-4B5D-8D0B-98897686AD70}"
EndProject
Global
	GlobalSection(SolutionConfigurationPlatforms) = preSolution
		Debug|Any CPU = Debug|Any CPU
		Debug|x64 = Debug|x64
		Release|Any CPU = Release|Any CPU
		Release|x64 = Release|x64
		x64|Any CPU = x64|Any CPU
		x64|x64 = x64|x64
	EndGlobalSection
	GlobalSection(ProjectConfigurationPlatforms) = postSolution
		{514A43B9-30FD-4A4F-927A-55FCDA532FAB}.Debug|Any CPU.ActiveCfg = Debug|Any CPU
		{514A43B9-30FD-4A4F-927A-55FCDA532FAB}.Debug|Any CPU.Build.0 = Debug|Any CPU
		{514A43B9-30FD-4A4F-927A-55FCDA532FAB}.Debug|x64.ActiveCfg = Debug|x64
		{514A43B9-30FD-4A4F-927A-55FCDA532FAB}.Debug|x64.Build.0 = Debug|x64
		{514A43B9-30FD-4A4F-927A-55FCDA532FAB}.Release|Any CPU.ActiveCfg = Release|x64
		{514A43B9-30FD-4A4F-927A-55FCDA532FAB}.Release|Any CPU.Build.0 = Release|x64
		{514A43B9-30FD-4A4F-927A-55FCDA532FAB}.Release|x64.ActiveCfg = Release|x64
		{514A43B9-30FD-4A4F-927A-55FCDA532FAB}.Release|x64.Build.0 = Release|x64
		{514A43B9-30FD-4A4F-927A-55FCDA532FAB}.x64|Any CPU.ActiveCfg = x64|Any CPU
		{514A43B9-30FD-4A4F-927A-55FCDA532FAB}.x64|Any CPU.Build.0 = x64|Any CPU
		{514A43B9-30FD-4A4F-927A-55FCDA532FAB}.x64|x64.ActiveCfg = x64|x64
		{514A43B9-30FD-4A4F-927A-55FCDA532FAB}.x64|x64.Build.0 = x64|x64
		{C572F366-4FEE-4F67-BE56-B00C0992052F}.Debug|Any CPU.ActiveCfg = Debug|Any CPU
		{C572F366-4FEE-4F67-BE56-B00C0992052F}.Debug|Any CPU.Build.0 = Debug|Any CPU
		{C572F366-4FEE-4F67-BE56-B00C0992052F}.Debug|x64.ActiveCfg = Debug|x64
		{C572F366-4FEE-4F67-BE56-B00C0992052F}.Debug|x64.Build.0 = Debug|x64
		{C572F366-4FEE-4F67-BE56-B00C0992052F}.Release|Any CPU.ActiveCfg = Release|x64
		{C572F366-4FEE-4F67-BE56-B00C0992052F}.Release|Any CPU.Build.0 = Release|x64
		{C572F366-4FEE-4F67-BE56-B00C0992052F}.Release|x64.ActiveCfg = Release|x64
		{C572F366-4FEE-4F67-BE56-B00C0992052F}.Release|x64.Build.0 = Release|x64
		{C572F366-4FEE-4F67-BE56-B00C0992052F}.x64|Any CPU.ActiveCfg = x64|Any CPU
		{C572F366-4FEE-4F67-BE56-B00C0992052F}.x64|Any CPU.Build.0 = x64|Any CPU
		{C572F366-4FEE-4F67-BE56-B00C0992052F}.x64|x64.ActiveCfg = x64|x64
		{C572F366-4FEE-4F67-BE56-B00C0992052F}.x64|x64.Build.0 = x64|x64
		{004F4214-55DA-4598-AF5B-23F509761815}.Debug|Any CPU.ActiveCfg = x64|x64
		{004F4214-55DA-4598-AF5B-23F509761815}.Debug|Any CPU.Build.0 = x64|x64
		{004F4214-55DA-4598-AF5B-23F509761815}.Debug|x64.ActiveCfg = x64|x64
		{004F4214-55DA-4598-AF5B-23F509761815}.Debug|x64.Build.0 = x64|x64
		{004F4214-55DA-4598-AF5B-23F509761815}.Release|Any CPU.ActiveCfg = x64|x64
		{004F4214-55DA-4598-AF5B-23F509761815}.Release|Any CPU.Build.0 = x64|x64
		{004F4214-55DA-4598-AF5B-23F509761815}.Release|x64.ActiveCfg = x64|x64
		{004F4214-55DA-4598-AF5B-23F509761815}.Release|x64.Build.0 = x64|x64
		{004F4214-55DA-4598-AF5B-23F509761815}.x64|Any CPU.ActiveCfg = x64|x64
		{004F4214-55DA-4598-AF5B-23F509761815}.x64|x64.ActiveCfg = x64|x64
		{004F4214-55DA-4598-AF5B-23F509761815}.x64|x64.Build.0 = x64|x64
		{EC714571-3199-4799-B056-ACA08322C378}.Debug|Any CPU.ActiveCfg = x64|x64
		{EC714571-3199-4799-B056-ACA08322C378}.Debug|Any CPU.Build.0 = x64|x64
		{EC714571-3199-4799-B056-ACA08322C378}.Debug|x64.ActiveCfg = x64|x64
		{EC714571-3199-4799-B056-ACA08322C378}.Debug|x64.Build.0 = x64|x64
		{EC714571-3199-4799-B056-ACA08322C378}.Release|Any CPU.ActiveCfg = x64|x64
		{EC714571-3199-4799-B056-ACA08322C378}.Release|Any CPU.Build.0 = x64|x64
		{EC714571-3199-4799-B056-ACA08322C378}.Release|x64.ActiveCfg = x64|x64
		{EC714571-3199-4799-B056-ACA08322C378}.Release|x64.Build.0 = x64|x64
		{EC714571-3199-4799-B056-ACA08322C378}.x64|Any CPU.ActiveCfg = x64|x64
		{EC714571-3199-4799-B056-ACA08322C378}.x64|x64.ActiveCfg = x64|x64
		{EC714571-3199-4799-B056-ACA08322C378}.x64|x64.Build.0 = x64|x64
		{D93027C5-7823-4AF1-9117-51828032251B}.Debug|Any CPU.ActiveCfg = x64|x64
		{D93027C5-7823-4AF1-9117-51828032251B}.Debug|Any CPU.Build.0 = x64|x64
		{D93027C5-7823-4AF1-9117-51828032251B}.Debug|x64.ActiveCfg = x64|x64
		{D93027C5-7823-4AF1-9117-51828032251B}.Debug|x64.Build.0 = x64|x64
		{D93027C5-7823-4AF1-9117-51828032251B}.Release|Any CPU.ActiveCfg = x64|x64
		{D93027C5-7823-4AF1-9117-51828032251B}.Release|Any CPU.Build.0 = x64|x64
		{D93027C5-7823-4AF1-9117-51828032251B}.Release|x64.ActiveCfg = x64|x64
		{D93027C5-7823-4AF1-9117-51828032251B}.Release|x64.Build.0 = x64|x64
		{D93027C5-7823-4AF1-9117-51828032251B}.x64|Any CPU.ActiveCfg = x64|x64
		{D93027C5-7823-4AF1-9117-51828032251B}.x64|x64.ActiveCfg = x64|x64
		{D93027C5-7823-4AF1-9117-51828032251B}.x64|x64.Build.0 = x64|x64
		{8828DF57-CF68-4874-AB06-F4CF3D1D56FB}.Debug|Any CPU.ActiveCfg = x64|x64
		{8828DF57-CF68-4874-AB06-F4CF3D1D56FB}.Debug|Any CPU.Build.0 = x64|x64
		{8828DF57-CF68-4874-AB06-F4CF3D1D56FB}.Debug|x64.ActiveCfg = x64|x64
		{8828DF57-CF68-4874-AB06-F4CF3D1D56FB}.Debug|x64.Build.0 = x64|x64
		{8828DF57-CF68-4874-AB06-F4CF3D1D56FB}.Release|Any CPU.ActiveCfg = x64|x64
		{8828DF57-CF68-4874-AB06-F4CF3D1D56FB}.Release|Any CPU.Build.0 = x64|x64
		{8828DF57-CF68-4874-AB06-F4CF3D1D56FB}.Release|x64.ActiveCfg = x64|x64
		{8828DF57-CF68-4874-AB06-F4CF3D1D56FB}.Release|x64.Build.0 = x64|x64
		{8828DF57-CF68-4874-AB06-F4CF3D1D56FB}.x64|Any CPU.ActiveCfg = x64|x64
		{8828DF57-CF68-4874-AB06-F4CF3D1D56FB}.x64|x64.ActiveCfg = x64|x64
		{8828DF57-CF68-4874-AB06-F4CF3D1D56FB}.x64|x64.Build.0 = x64|x64
		{400DA7E8-A1CA-4B9B-9AF5-7764ABDEDAEE}.Debug|Any CPU.ActiveCfg = x64|x64
		{400DA7E8-A1CA-4B9B-9AF5-7764ABDEDAEE}.Debug|Any CPU.Build.0 = x64|x64
		{400DA7E8-A1CA-4B9B-9AF5-7764ABDEDAEE}.Debug|x64.ActiveCfg = x64|x64
		{400DA7E8-A1CA-4B9B-9AF5-7764ABDEDAEE}.Debug|x64.Build.0 = x64|x64
		{400DA7E8-A1CA-4B9B-9AF5-7764ABDEDAEE}.Release|Any CPU.ActiveCfg = x64|x64
		{400DA7E8-A1CA-4B9B-9AF5-7764ABDEDAEE}.Release|Any CPU.Build.0 = x64|x64
		{400DA7E8-A1CA-4B9B-9AF5-7764ABDEDAEE}.Release|x64.ActiveCfg = x64|x64
		{400DA7E8-A1CA-4B9B-9AF5-7764ABDEDAEE}.Release|x64.Build.0 = x64|x64
		{400DA7E8-A1CA-4B9B-9AF5-7764ABDEDAEE}.x64|Any CPU.ActiveCfg = x64|x64
		{400DA7E8-A1CA-4B9B-9AF5-7764ABDEDAEE}.x64|x64.ActiveCfg = x64|x64
		{400DA7E8-A1CA-4B9B-9AF5-7764ABDEDAEE}.x64|x64.Build.0 = x64|x64
		{FC5B20B5-5A57-437D-9468-4C0FD9FC0535}.Debug|Any CPU.ActiveCfg = x64|x64
		{FC5B20B5-5A57-437D-9468-4C0FD9FC0535}.Debug|Any CPU.Build.0 = x64|x64
		{FC5B20B5-5A57-437D-9468-4C0FD9FC0535}.Debug|x64.ActiveCfg = x64|x64
		{FC5B20B5-5A57-437D-9468-4C0FD9FC0535}.Debug|x64.Build.0 = x64|x64
		{FC5B20B5-5A57-437D-9468-4C0FD9FC0535}.Release|Any CPU.ActiveCfg = x64|x64
		{FC5B20B5-5A57-437D-9468-4C0FD9FC0535}.Release|Any CPU.Build.0 = x64|x64
		{FC5B20B5-5A57-437D-9468-4C0FD9FC0535}.Release|x64.ActiveCfg = x64|x64
		{FC5B20B5-5A57-437D-9468-4C0FD9FC0535}.Release|x64.Build.0 = x64|x64
		{FC5B20B5-5A57-437D-9468-4C0FD9FC0535}.x64|Any CPU.ActiveCfg = x64|x64
		{FC5B20B5-5A57-437D-9468-4C0FD9FC0535}.x64|x64.ActiveCfg = x64|x64
		{FC5B20B5-5A57-437D-9468-4C0FD9FC0535}.x64|x64.Build.0 = x64|x64
		{B233F88B-5168-4F67-B857-B675987DB2DF}.Debug|Any CPU.ActiveCfg = x64|x64
		{B233F88B-5168-4F67-B857-B675987DB2DF}.Debug|Any CPU.Build.0 = x64|x64
		{B233F88B-5168-4F67-B857-B675987DB2DF}.Debug|x64.ActiveCfg = x64|x64
		{B233F88B-5168-4F67-B857-B675987DB2DF}.Debug|x64.Build.0 = x64|x64
		{B233F88B-5168-4F67-B857-B675987DB2DF}.Release|Any CPU.ActiveCfg = x64|x64
		{B233F88B-5168-4F67-B857-B675987DB2DF}.Release|Any CPU.Build.0 = x64|x64
		{B233F88B-5168-4F67-B857-B675987DB2DF}.Release|x64.ActiveCfg = x64|x64
		{B233F88B-5168-4F67-B857-B675987DB2DF}.Release|x64.Build.0 = x64|x64
		{B233F88B-5168-4F67-B857-B675987DB2DF}.x64|Any CPU.ActiveCfg = x64|x64
		{B233F88B-5168-4F67-B857-B675987DB2DF}.x64|x64.ActiveCfg = x64|x64
		{B233F88B-5168-4F67-B857-B675987DB2DF}.x64|x64.Build.0 = x64|x64
		{FF01A51F-1052-4869-A52B-03FD1B87181F}.Debug|Any CPU.ActiveCfg = x64|x64
		{FF01A51F-1052-4869-A52B-03FD1B87181F}.Debug|Any CPU.Build.0 = x64|x64
		{FF01A51F-1052-4869-A52B-03FD1B87181F}.Debug|x64.ActiveCfg = x64|x64
		{FF01A51F-1052-4869-A52B-03FD1B87181F}.Debug|x64.Build.0 = x64|x64
		{FF01A51F-1052-4869-A52B-03FD1B87181F}.Release|Any CPU.ActiveCfg = x64|x64
		{FF01A51F-1052-4869-A52B-03FD1B87181F}.Release|Any CPU.Build.0 = x64|x64
		{FF01A51F-1052-4869-A52B-03FD1B87181F}.Release|x64.ActiveCfg = x64|x64
		{FF01A51F-1052-4869-A52B-03FD1B87181F}.Release|x64.Build.0 = x64|x64
		{FF01A51F-1052-4869-A52B-03FD1B87181F}.x64|Any CPU.ActiveCfg = x64|x64
		{FF01A51F-1052-4869-A52B-03FD1B87181F}.x64|x64.ActiveCfg = x64|x64
		{FF01A51F-1052-4869-A52B-03FD1B87181F}.x64|x64.Build.0 = x64|x64
		{9D572001-A943-4B4F-98C4-FA9C9A57075E}.Debug|Any CPU.ActiveCfg = x64|x64
		{9D572001-A943-4B4F-98C4-FA9C9A57075E}.Debug|Any CPU.Build.0 = x64|x64
		{9D572001-A943-4B4F-98C4-FA9C9A57075E}.Debug|x64.ActiveCfg = x64|x64
		{9D572001-A943-4B4F-98C4-FA9C9A57075E}.Debug|x64.Build.0 = x64|x64
		{9D572001-A943-4B4F-98C4-FA9C9A57075E}.Release|Any CPU.ActiveCfg = x64|x64
		{9D572001-A943-4B4F-98C4-FA9C9A57075E}.Release|Any CPU.Build.0 = x64|x64
		{9D572001-A943-4B4F-98C4-FA9C9A57075E}.Release|x64.ActiveCfg = x64|x64
		{9D572001-A943-4B4F-98C4-FA9C9A57075E}.Release|x64.Build.0 = x64|x64
		{9D572001-A943-4B4F-98C4-FA9C9A57075E}.x64|Any CPU.ActiveCfg = x64|x64
		{9D572001-A943-4B4F-98C4-FA9C9A57075E}.x64|x64.ActiveCfg = x64|x64
		{9D572001-A943-4B4F-98C4-FA9C9A57075E}.x64|x64.Build.0 = x64|x64
		{19C1CF0B-C3CF-4179-BD72-E1E1E3AFB7E3}.Debug|Any CPU.ActiveCfg = x64|x64
		{19C1CF0B-C3CF-4179-BD72-E1E1E3AFB7E3}.Debug|Any CPU.Build.0 = x64|x64
		{19C1CF0B-C3CF-4179-BD72-E1E1E3AFB7E3}.Debug|x64.ActiveCfg = x64|x64
		{19C1CF0B-C3CF-4179-BD72-E1E1E3AFB7E3}.Debug|x64.Build.0 = x64|x64
		{19C1CF0B-C3CF-4179-BD72-E1E1E3AFB7E3}.Release|Any CPU.ActiveCfg = x64|x64
		{19C1CF0B-C3CF-4179-BD72-E1E1E3AFB7E3}.Release|Any CPU.Build.0 = x64|x64
		{19C1CF0B-C3CF-4179-BD72-E1E1E3AFB7E3}.Release|x64.ActiveCfg = x64|x64
		{19C1CF0B-C3CF-4179-BD72-E1E1E3AFB7E3}.Release|x64.Build.0 = x64|x64
		{19C1CF0B-C3CF-4179-BD72-E1E1E3AFB7E3}.x64|Any CPU.ActiveCfg = x64|x64
		{19C1CF0B-C3CF-4179-BD72-E1E1E3AFB7E3}.x64|x64.ActiveCfg = x64|x64
		{19C1CF0B-C3CF-4179-BD72-E1E1E3AFB7E3}.x64|x64.Build.0 = x64|x64
		{EBF7CD17-CA66-4B5D-8D0B-98897686AD70}.Debug|Any CPU.ActiveCfg = x64|x64
		{EBF7CD17-CA66-4B5D-8D0B-98897686AD70}.Debug|Any CPU.Build.0 = x64|x64
		{EBF7CD17-CA66-4B5D-8D0B-98897686AD70}.Debug|x64.ActiveCfg = x64|x64
		{EBF7CD17-CA66-4B5D-8D0B-98897686AD70}.Debug|x64.Build.0 = x64|x64
		{EBF7CD17-CA66-4B5D-8D0B-98897686AD70}.Release|Any CPU.ActiveCfg = x64|x64
		{EBF7CD17-CA66-4B5D-8D0B-98897686AD70}.Release|Any CPU.Build.0 = x64|x64
		{EBF7CD17-CA66-4B5D-8D0B-98897686AD70}.Release|x64.ActiveCfg = x64|x64
		{EBF7CD17-CA66-4B5D-8D0B-98897686AD70}.Release|x64.Build.0 = x64|x64
		{EBF7CD17-CA66-4B5D-8D0B-98897686AD70}.x64|Any CPU.ActiveCfg = x64|x64
		{EBF7CD17-CA66-4B5D-8D0B-98897686AD70}.x64|x64.ActiveCfg = x64|x64
		{EBF7CD17-CA66-4B5D-8D0B-98897686AD70}.x64|x64.Build.0 = x64|x64
	EndGlobalSection
	GlobalSection(SolutionProperties) = preSolution
		HideSolutionNode = FALSE
	EndGlobalSection
	GlobalSection(NestedProjects) = preSolution
		{514A43B9-30FD-4A4F-927A-55FCDA532FAB} = {7B6D7AD6-54F0-49F0-BB13-C7D54FCD4CAE}
		{C572F366-4FEE-4F67-BE56-B00C0992052F} = {7B6D7AD6-54F0-49F0-BB13-C7D54FCD4CAE}
	EndGlobalSection
	GlobalSection(DslPlatformSolutionProperties) = preSolution
		Php.Name = Php
		Php.Target = Php
	EndGlobalSection
EndGlobal
