
Microsoft Visual Studio Solution File, Format Version 12.00
# Visual Studio Express 2012 for Windows Desktop
Project("{FAE04EC0-301F-11D3-BF4B-00C04F79EFBC}") = "SDII", "SDII\SDII.csproj", "{DEF6AFC8-F53F-4B2B-83BE-34005811BB02}"
EndProject
Project("{FAE04EC0-301F-11D3-BF4B-00C04F79EFBC}") = "P15_LinearBuffered_NameTable", "P15_LinearBuffered_NameTable\P15_LinearBuffered_NameTable.csproj", "{2B29EB43-2F79-4BC7-82FF-8F4B38094D91}"
EndProject
Project("{FAE04EC0-301F-11D3-BF4B-00C04F79EFBC}") = "PolarDB", "..\Polar\PolarDB\PolarDB.csproj", "{779406F5-9C39-4EEE-AAE9-3B511CB9D4A7}"
EndProject
Project("{FAE04EC0-301F-11D3-BF4B-00C04F79EFBC}") = "UniversalIndex", "..\Polar\UniversalIndex\UniversalIndex.csproj", "{A9AF4A0A-5583-4B18-A434-07D7466BB277}"
EndProject
Project("{FAE04EC0-301F-11D3-BF4B-00C04F79EFBC}") = "P01_PlatformProperties", "P01_PlatformProperties\P01_PlatformProperties.csproj", "{B0228450-0359-45B0-A275-8B26266A7190}"
EndProject
Project("{FAE04EC0-301F-11D3-BF4B-00C04F79EFBC}") = "P03_SQL_Phototeka", "P03_SQL_Phototeka\P03_SQL_Phototeka.csproj", "{C20690AC-1D66-4F1B-AF1F-A6AA30B35E21}"
EndProject
Project("{FAE04EC0-301F-11D3-BF4B-00C04F79EFBC}") = "P05_Phototeka3TabsInt", "P05_Phototeka3TabsInt\P05_Phototeka3TabsInt.csproj", "{49891D49-1FFC-4299-ABDF-71766CCEC238}"
EndProject
Project("{FAE04EC0-301F-11D3-BF4B-00C04F79EFBC}") = "P04_SimpleTripleStore_Phototeka", "P04_SimpleTripleStore_Phototeka\P04_SimpleTripleStore_Phototeka.csproj", "{2B8A419C-5C11-4E76-BB01-317C5B95D839}"
EndProject
Project("{FAE04EC0-301F-11D3-BF4B-00C04F79EFBC}") = "P06_Virtuoso", "P06_Virtuoso\P06_Virtuoso.csproj", "{50BA4651-AD1F-46C3-AAE7-AAB85F31611F}"
EndProject
Project("{FAE04EC0-301F-11D3-BF4B-00C04F79EFBC}") = "P06_Virtuoso_Phototeka", "P06_Virtuoso_Phototeka\P06_Virtuoso_Phototeka.csproj", "{3DCBC39A-9E55-430A-9187-E05B7C21573D}"
EndProject
Project("{FAE04EC0-301F-11D3-BF4B-00C04F79EFBC}") = "P11_PlatformProperties2", "P11_PlatformProperties2\P11_PlatformProperties2.csproj", "{1820D6CA-6000-411A-B932-1FC0A984665D}"
EndProject
Project("{FAE04EC0-301F-11D3-BF4B-00C04F79EFBC}") = "P13_NametableTry", "P13_NametableTry\P13_NametableTry.csproj", "{D27258D4-00F6-48DB-9F68-EF2DC8DAB9CA}"
EndProject
Project("{FAE04EC0-301F-11D3-BF4B-00C04F79EFBC}") = "P14_Universal_NameTable", "P14_Universal_NameTable\P14_Universal_NameTable.csproj", "{53335DD2-0DDB-49CD-8553-316D660A46A9}"
EndProject
Global
	GlobalSection(SolutionConfigurationPlatforms) = preSolution
		Debug|Any CPU = Debug|Any CPU
		Debug|x64 = Debug|x64
		Debug|x86 = Debug|x86
		Release|Any CPU = Release|Any CPU
		Release|x64 = Release|x64
		Release|x86 = Release|x86
	EndGlobalSection
	GlobalSection(ProjectConfigurationPlatforms) = postSolution
		{DEF6AFC8-F53F-4B2B-83BE-34005811BB02}.Debug|Any CPU.ActiveCfg = Debug|Any CPU
		{DEF6AFC8-F53F-4B2B-83BE-34005811BB02}.Debug|Any CPU.Build.0 = Debug|Any CPU
		{DEF6AFC8-F53F-4B2B-83BE-34005811BB02}.Debug|x64.ActiveCfg = Debug|x64
		{DEF6AFC8-F53F-4B2B-83BE-34005811BB02}.Debug|x64.Build.0 = Debug|x64
		{DEF6AFC8-F53F-4B2B-83BE-34005811BB02}.Debug|x86.ActiveCfg = Debug|x86
		{DEF6AFC8-F53F-4B2B-83BE-34005811BB02}.Debug|x86.Build.0 = Debug|x86
		{DEF6AFC8-F53F-4B2B-83BE-34005811BB02}.Release|Any CPU.ActiveCfg = Release|Any CPU
		{DEF6AFC8-F53F-4B2B-83BE-34005811BB02}.Release|Any CPU.Build.0 = Release|Any CPU
		{DEF6AFC8-F53F-4B2B-83BE-34005811BB02}.Release|x64.ActiveCfg = Release|x64
		{DEF6AFC8-F53F-4B2B-83BE-34005811BB02}.Release|x64.Build.0 = Release|x64
		{DEF6AFC8-F53F-4B2B-83BE-34005811BB02}.Release|x86.ActiveCfg = Release|x86
		{DEF6AFC8-F53F-4B2B-83BE-34005811BB02}.Release|x86.Build.0 = Release|x86
		{2B29EB43-2F79-4BC7-82FF-8F4B38094D91}.Debug|Any CPU.ActiveCfg = Debug|Any CPU
		{2B29EB43-2F79-4BC7-82FF-8F4B38094D91}.Debug|Any CPU.Build.0 = Debug|Any CPU
		{2B29EB43-2F79-4BC7-82FF-8F4B38094D91}.Debug|x64.ActiveCfg = Debug|x64
		{2B29EB43-2F79-4BC7-82FF-8F4B38094D91}.Debug|x64.Build.0 = Debug|x64
		{2B29EB43-2F79-4BC7-82FF-8F4B38094D91}.Debug|x86.ActiveCfg = Debug|x86
		{2B29EB43-2F79-4BC7-82FF-8F4B38094D91}.Debug|x86.Build.0 = Debug|x86
		{2B29EB43-2F79-4BC7-82FF-8F4B38094D91}.Release|Any CPU.ActiveCfg = Release|Any CPU
		{2B29EB43-2F79-4BC7-82FF-8F4B38094D91}.Release|Any CPU.Build.0 = Release|Any CPU
		{2B29EB43-2F79-4BC7-82FF-8F4B38094D91}.Release|x64.ActiveCfg = Release|x64
		{2B29EB43-2F79-4BC7-82FF-8F4B38094D91}.Release|x64.Build.0 = Release|x64
		{2B29EB43-2F79-4BC7-82FF-8F4B38094D91}.Release|x86.ActiveCfg = Release|x86
		{2B29EB43-2F79-4BC7-82FF-8F4B38094D91}.Release|x86.Build.0 = Release|x86
		{779406F5-9C39-4EEE-AAE9-3B511CB9D4A7}.Debug|Any CPU.ActiveCfg = Debug|Any CPU
		{779406F5-9C39-4EEE-AAE9-3B511CB9D4A7}.Debug|Any CPU.Build.0 = Debug|Any CPU
		{779406F5-9C39-4EEE-AAE9-3B511CB9D4A7}.Debug|x64.ActiveCfg = Debug|x64
		{779406F5-9C39-4EEE-AAE9-3B511CB9D4A7}.Debug|x64.Build.0 = Debug|x64
		{779406F5-9C39-4EEE-AAE9-3B511CB9D4A7}.Debug|x86.ActiveCfg = Debug|x86
		{779406F5-9C39-4EEE-AAE9-3B511CB9D4A7}.Debug|x86.Build.0 = Debug|x86
		{779406F5-9C39-4EEE-AAE9-3B511CB9D4A7}.Release|Any CPU.ActiveCfg = Release|Any CPU
		{779406F5-9C39-4EEE-AAE9-3B511CB9D4A7}.Release|Any CPU.Build.0 = Release|Any CPU
		{779406F5-9C39-4EEE-AAE9-3B511CB9D4A7}.Release|x64.ActiveCfg = Release|x64
		{779406F5-9C39-4EEE-AAE9-3B511CB9D4A7}.Release|x64.Build.0 = Release|x64
		{779406F5-9C39-4EEE-AAE9-3B511CB9D4A7}.Release|x86.ActiveCfg = Release|x86
		{779406F5-9C39-4EEE-AAE9-3B511CB9D4A7}.Release|x86.Build.0 = Release|x86
		{A9AF4A0A-5583-4B18-A434-07D7466BB277}.Debug|Any CPU.ActiveCfg = Debug|Any CPU
		{A9AF4A0A-5583-4B18-A434-07D7466BB277}.Debug|Any CPU.Build.0 = Debug|Any CPU
		{A9AF4A0A-5583-4B18-A434-07D7466BB277}.Debug|x64.ActiveCfg = Debug|x64
		{A9AF4A0A-5583-4B18-A434-07D7466BB277}.Debug|x64.Build.0 = Debug|x64
		{A9AF4A0A-5583-4B18-A434-07D7466BB277}.Debug|x86.ActiveCfg = Debug|x86
		{A9AF4A0A-5583-4B18-A434-07D7466BB277}.Debug|x86.Build.0 = Debug|x86
		{A9AF4A0A-5583-4B18-A434-07D7466BB277}.Release|Any CPU.ActiveCfg = Release|Any CPU
		{A9AF4A0A-5583-4B18-A434-07D7466BB277}.Release|Any CPU.Build.0 = Release|Any CPU
		{A9AF4A0A-5583-4B18-A434-07D7466BB277}.Release|x64.ActiveCfg = Release|x64
		{A9AF4A0A-5583-4B18-A434-07D7466BB277}.Release|x64.Build.0 = Release|x64
		{A9AF4A0A-5583-4B18-A434-07D7466BB277}.Release|x86.ActiveCfg = Release|x86
		{A9AF4A0A-5583-4B18-A434-07D7466BB277}.Release|x86.Build.0 = Release|x86
		{B0228450-0359-45B0-A275-8B26266A7190}.Debug|Any CPU.ActiveCfg = Debug|Any CPU
		{B0228450-0359-45B0-A275-8B26266A7190}.Debug|Any CPU.Build.0 = Debug|Any CPU
		{B0228450-0359-45B0-A275-8B26266A7190}.Debug|x64.ActiveCfg = Debug|x64
		{B0228450-0359-45B0-A275-8B26266A7190}.Debug|x64.Build.0 = Debug|x64
		{B0228450-0359-45B0-A275-8B26266A7190}.Debug|x86.ActiveCfg = Debug|x86
		{B0228450-0359-45B0-A275-8B26266A7190}.Debug|x86.Build.0 = Debug|x86
		{B0228450-0359-45B0-A275-8B26266A7190}.Release|Any CPU.ActiveCfg = Release|Any CPU
		{B0228450-0359-45B0-A275-8B26266A7190}.Release|Any CPU.Build.0 = Release|Any CPU
		{B0228450-0359-45B0-A275-8B26266A7190}.Release|x64.ActiveCfg = Release|x64
		{B0228450-0359-45B0-A275-8B26266A7190}.Release|x64.Build.0 = Release|x64
		{B0228450-0359-45B0-A275-8B26266A7190}.Release|x86.ActiveCfg = Release|x86
		{B0228450-0359-45B0-A275-8B26266A7190}.Release|x86.Build.0 = Release|x86
		{C20690AC-1D66-4F1B-AF1F-A6AA30B35E21}.Debug|Any CPU.ActiveCfg = Debug|Any CPU
		{C20690AC-1D66-4F1B-AF1F-A6AA30B35E21}.Debug|Any CPU.Build.0 = Debug|Any CPU
		{C20690AC-1D66-4F1B-AF1F-A6AA30B35E21}.Debug|x64.ActiveCfg = Debug|x64
		{C20690AC-1D66-4F1B-AF1F-A6AA30B35E21}.Debug|x64.Build.0 = Debug|x64
		{C20690AC-1D66-4F1B-AF1F-A6AA30B35E21}.Debug|x86.ActiveCfg = Debug|x86
		{C20690AC-1D66-4F1B-AF1F-A6AA30B35E21}.Debug|x86.Build.0 = Debug|x86
		{C20690AC-1D66-4F1B-AF1F-A6AA30B35E21}.Release|Any CPU.ActiveCfg = Release|Any CPU
		{C20690AC-1D66-4F1B-AF1F-A6AA30B35E21}.Release|Any CPU.Build.0 = Release|Any CPU
		{C20690AC-1D66-4F1B-AF1F-A6AA30B35E21}.Release|x64.ActiveCfg = Release|x64
		{C20690AC-1D66-4F1B-AF1F-A6AA30B35E21}.Release|x64.Build.0 = Release|x64
		{C20690AC-1D66-4F1B-AF1F-A6AA30B35E21}.Release|x86.ActiveCfg = Release|x86
		{C20690AC-1D66-4F1B-AF1F-A6AA30B35E21}.Release|x86.Build.0 = Release|x86
		{49891D49-1FFC-4299-ABDF-71766CCEC238}.Debug|Any CPU.ActiveCfg = Debug|Any CPU
		{49891D49-1FFC-4299-ABDF-71766CCEC238}.Debug|Any CPU.Build.0 = Debug|Any CPU
		{49891D49-1FFC-4299-ABDF-71766CCEC238}.Debug|x64.ActiveCfg = Debug|x64
		{49891D49-1FFC-4299-ABDF-71766CCEC238}.Debug|x64.Build.0 = Debug|x64
		{49891D49-1FFC-4299-ABDF-71766CCEC238}.Debug|x86.ActiveCfg = Debug|x86
		{49891D49-1FFC-4299-ABDF-71766CCEC238}.Debug|x86.Build.0 = Debug|x86
		{49891D49-1FFC-4299-ABDF-71766CCEC238}.Release|Any CPU.ActiveCfg = Release|Any CPU
		{49891D49-1FFC-4299-ABDF-71766CCEC238}.Release|Any CPU.Build.0 = Release|Any CPU
		{49891D49-1FFC-4299-ABDF-71766CCEC238}.Release|x64.ActiveCfg = Release|x64
		{49891D49-1FFC-4299-ABDF-71766CCEC238}.Release|x64.Build.0 = Release|x64
		{49891D49-1FFC-4299-ABDF-71766CCEC238}.Release|x86.ActiveCfg = Release|x86
		{49891D49-1FFC-4299-ABDF-71766CCEC238}.Release|x86.Build.0 = Release|x86
		{2B8A419C-5C11-4E76-BB01-317C5B95D839}.Debug|Any CPU.ActiveCfg = Debug|Any CPU
		{2B8A419C-5C11-4E76-BB01-317C5B95D839}.Debug|Any CPU.Build.0 = Debug|Any CPU
		{2B8A419C-5C11-4E76-BB01-317C5B95D839}.Debug|x64.ActiveCfg = Debug|x64
		{2B8A419C-5C11-4E76-BB01-317C5B95D839}.Debug|x64.Build.0 = Debug|x64
		{2B8A419C-5C11-4E76-BB01-317C5B95D839}.Debug|x86.ActiveCfg = Debug|x86
		{2B8A419C-5C11-4E76-BB01-317C5B95D839}.Debug|x86.Build.0 = Debug|x86
		{2B8A419C-5C11-4E76-BB01-317C5B95D839}.Release|Any CPU.ActiveCfg = Release|Any CPU
		{2B8A419C-5C11-4E76-BB01-317C5B95D839}.Release|Any CPU.Build.0 = Release|Any CPU
		{2B8A419C-5C11-4E76-BB01-317C5B95D839}.Release|x64.ActiveCfg = Release|x64
		{2B8A419C-5C11-4E76-BB01-317C5B95D839}.Release|x64.Build.0 = Release|x64
		{2B8A419C-5C11-4E76-BB01-317C5B95D839}.Release|x86.ActiveCfg = Release|x86
		{2B8A419C-5C11-4E76-BB01-317C5B95D839}.Release|x86.Build.0 = Release|x86
		{50BA4651-AD1F-46C3-AAE7-AAB85F31611F}.Debug|Any CPU.ActiveCfg = Debug|Any CPU
		{50BA4651-AD1F-46C3-AAE7-AAB85F31611F}.Debug|Any CPU.Build.0 = Debug|Any CPU
		{50BA4651-AD1F-46C3-AAE7-AAB85F31611F}.Debug|x64.ActiveCfg = Debug|x64
		{50BA4651-AD1F-46C3-AAE7-AAB85F31611F}.Debug|x64.Build.0 = Debug|x64
		{50BA4651-AD1F-46C3-AAE7-AAB85F31611F}.Debug|x86.ActiveCfg = Debug|x86
		{50BA4651-AD1F-46C3-AAE7-AAB85F31611F}.Debug|x86.Build.0 = Debug|x86
		{50BA4651-AD1F-46C3-AAE7-AAB85F31611F}.Release|Any CPU.ActiveCfg = Release|Any CPU
		{50BA4651-AD1F-46C3-AAE7-AAB85F31611F}.Release|Any CPU.Build.0 = Release|Any CPU
		{50BA4651-AD1F-46C3-AAE7-AAB85F31611F}.Release|x64.ActiveCfg = Release|x64
		{50BA4651-AD1F-46C3-AAE7-AAB85F31611F}.Release|x64.Build.0 = Release|x64
		{50BA4651-AD1F-46C3-AAE7-AAB85F31611F}.Release|x86.ActiveCfg = Release|x86
		{50BA4651-AD1F-46C3-AAE7-AAB85F31611F}.Release|x86.Build.0 = Release|x86
		{3DCBC39A-9E55-430A-9187-E05B7C21573D}.Debug|Any CPU.ActiveCfg = Debug|Any CPU
		{3DCBC39A-9E55-430A-9187-E05B7C21573D}.Debug|Any CPU.Build.0 = Debug|Any CPU
		{3DCBC39A-9E55-430A-9187-E05B7C21573D}.Debug|x64.ActiveCfg = Debug|x64
		{3DCBC39A-9E55-430A-9187-E05B7C21573D}.Debug|x64.Build.0 = Debug|x64
		{3DCBC39A-9E55-430A-9187-E05B7C21573D}.Debug|x86.ActiveCfg = Debug|x86
		{3DCBC39A-9E55-430A-9187-E05B7C21573D}.Debug|x86.Build.0 = Debug|x86
		{3DCBC39A-9E55-430A-9187-E05B7C21573D}.Release|Any CPU.ActiveCfg = Release|Any CPU
		{3DCBC39A-9E55-430A-9187-E05B7C21573D}.Release|Any CPU.Build.0 = Release|Any CPU
		{3DCBC39A-9E55-430A-9187-E05B7C21573D}.Release|x64.ActiveCfg = Release|x64
		{3DCBC39A-9E55-430A-9187-E05B7C21573D}.Release|x64.Build.0 = Release|x64
		{3DCBC39A-9E55-430A-9187-E05B7C21573D}.Release|x86.ActiveCfg = Release|x86
		{3DCBC39A-9E55-430A-9187-E05B7C21573D}.Release|x86.Build.0 = Release|x86
		{1820D6CA-6000-411A-B932-1FC0A984665D}.Debug|Any CPU.ActiveCfg = Debug|Any CPU
		{1820D6CA-6000-411A-B932-1FC0A984665D}.Debug|Any CPU.Build.0 = Debug|Any CPU
		{1820D6CA-6000-411A-B932-1FC0A984665D}.Debug|x64.ActiveCfg = Debug|x64
		{1820D6CA-6000-411A-B932-1FC0A984665D}.Debug|x64.Build.0 = Debug|x64
		{1820D6CA-6000-411A-B932-1FC0A984665D}.Debug|x86.ActiveCfg = Debug|x86
		{1820D6CA-6000-411A-B932-1FC0A984665D}.Debug|x86.Build.0 = Debug|x86
		{1820D6CA-6000-411A-B932-1FC0A984665D}.Release|Any CPU.ActiveCfg = Release|Any CPU
		{1820D6CA-6000-411A-B932-1FC0A984665D}.Release|Any CPU.Build.0 = Release|Any CPU
		{1820D6CA-6000-411A-B932-1FC0A984665D}.Release|x64.ActiveCfg = Release|x64
		{1820D6CA-6000-411A-B932-1FC0A984665D}.Release|x64.Build.0 = Release|x64
		{1820D6CA-6000-411A-B932-1FC0A984665D}.Release|x86.ActiveCfg = Release|x86
		{1820D6CA-6000-411A-B932-1FC0A984665D}.Release|x86.Build.0 = Release|x86
		{D27258D4-00F6-48DB-9F68-EF2DC8DAB9CA}.Debug|Any CPU.ActiveCfg = Debug|Any CPU
		{D27258D4-00F6-48DB-9F68-EF2DC8DAB9CA}.Debug|Any CPU.Build.0 = Debug|Any CPU
		{D27258D4-00F6-48DB-9F68-EF2DC8DAB9CA}.Debug|x64.ActiveCfg = Debug|x64
		{D27258D4-00F6-48DB-9F68-EF2DC8DAB9CA}.Debug|x64.Build.0 = Debug|x64
		{D27258D4-00F6-48DB-9F68-EF2DC8DAB9CA}.Debug|x86.ActiveCfg = Debug|x86
		{D27258D4-00F6-48DB-9F68-EF2DC8DAB9CA}.Debug|x86.Build.0 = Debug|x86
		{D27258D4-00F6-48DB-9F68-EF2DC8DAB9CA}.Release|Any CPU.ActiveCfg = Release|Any CPU
		{D27258D4-00F6-48DB-9F68-EF2DC8DAB9CA}.Release|Any CPU.Build.0 = Release|Any CPU
		{D27258D4-00F6-48DB-9F68-EF2DC8DAB9CA}.Release|x64.ActiveCfg = Release|x64
		{D27258D4-00F6-48DB-9F68-EF2DC8DAB9CA}.Release|x64.Build.0 = Release|x64
		{D27258D4-00F6-48DB-9F68-EF2DC8DAB9CA}.Release|x86.ActiveCfg = Release|x86
		{D27258D4-00F6-48DB-9F68-EF2DC8DAB9CA}.Release|x86.Build.0 = Release|x86
		{53335DD2-0DDB-49CD-8553-316D660A46A9}.Debug|Any CPU.ActiveCfg = Debug|Any CPU
		{53335DD2-0DDB-49CD-8553-316D660A46A9}.Debug|Any CPU.Build.0 = Debug|Any CPU
		{53335DD2-0DDB-49CD-8553-316D660A46A9}.Debug|x64.ActiveCfg = Debug|Any CPU
		{53335DD2-0DDB-49CD-8553-316D660A46A9}.Debug|x86.ActiveCfg = Debug|Any CPU
		{53335DD2-0DDB-49CD-8553-316D660A46A9}.Release|Any CPU.ActiveCfg = Release|Any CPU
		{53335DD2-0DDB-49CD-8553-316D660A46A9}.Release|Any CPU.Build.0 = Release|Any CPU
		{53335DD2-0DDB-49CD-8553-316D660A46A9}.Release|x64.ActiveCfg = Release|Any CPU
		{53335DD2-0DDB-49CD-8553-316D660A46A9}.Release|x86.ActiveCfg = Release|Any CPU
	EndGlobalSection
	GlobalSection(SolutionProperties) = preSolution
		HideSolutionNode = FALSE
	EndGlobalSection
EndGlobal
